{
  "nodes": {
    "nixpkgs": {
      "locked": {
        "lastModified": 1778201527,
        "narHash": "sha256-VpPcjfqGzCRkncy59Sp3QtphkyQS4c/9jOCB/NLjxTA=",
        "owner": "NixOS",
        "repo": "nixpkgs",
        "rev": "c4eaef9f40b347e18cb0ddd1b92c306a5637e3b0",
        "type": "github"
      },
      "original": {
        "owner": "NixOS",
        "repo": "nixpkgs",
        "type": "github"
      }
    },
    "nixpressions": {
      "inputs": {
        "nixpkgs": [
          "nixpkgs"
        ],
        "treefmt": "treefmt"
      },
      "locked": {
        "lastModified": 1764825587,
        "narHash": "sha256-lJXQsUsKhlkZ4SH1ovKr39A6YCOnwchqPZeRXBKytLo=",
        "owner": "dysthesis",
        "repo": "nixpressions",
        "rev": "82418c95524c5a77ba6578b037bf3ece31b4e8e6",
        "type": "github"
      },
      "original": {
        "owner": "dysthesis",
        "repo": "nixpressions",
        "type": "github"
      }
    },
    "root": {
      "inputs": {
        "nixpkgs": "nixpkgs",
        "nixpressions": "nixpressions",
        "treefmt-nix": "treefmt-nix"
      }
    },
    "treefmt": {
      "inputs": {
        "nixpkgs": [
          "nixpressions",
          "nixpkgs"
        ]
      },
      "locked": {
        "lastModified": 1744961264,
        "narHash": "sha256-aRmUh0AMwcbdjJHnytg1e5h5ECcaWtIFQa6d9gI85AI=",
        "owner": "numtide",
        "repo": "treefmt-nix",
        "rev": "8d404a69efe76146368885110f29a2ca3700bee6",
        "type": "github"
      },
      "original": {
        "owner": "numtide",
        "repo": "treefmt-nix",
        "type": "github"
      }
    },
    "treefmt-nix": {
      "inputs": {
        "nixpkgs": [
          "nixpkgs"
        ]
      },
      "locked": {
        "lastModified": 1775636079,
        "narHash": "sha256-pc20NRoMdiar8oPQceQT47UUZMBTiMdUuWrYu2obUP0=",
        "owner": "numtide",
        "repo": "treefmt-nix",
        "rev": "790751ff7fd3801feeaf96d7dc416a8d581265ba",
        "type": "github"
      },
      "original": {
        "owner": "numtide",
        "repo": "treefmt-nix",
        "type": "github"
      }
    }
  },
  "root": "root",
  "version": 7
}
