{
  "nodes": {
    "nixpkgs": {
      "locked": {
        "lastModified": 1775115993,
        "narHash": "sha256-MmMX1C8o3gN5GQ7oE4cx1qLwPxvQEHQA/ZTCtGTKvrA=",
        "owner": "NixOS",
        "repo": "nixpkgs",
        "rev": "7956aea0f0073c12903d3cec75df99f0cdfc4d1b",
        "type": "github"
      },
      "original": {
        "owner": "NixOS",
        "repo": "nixpkgs",
        "type": "github"
      }
    },
    "nixpressions": {
      "inputs": {
        "nixpkgs": [
          "nixpkgs"
        ],
        "treefmt": "treefmt"
      },
      "locked": {
        "lastModified": 1764825587,
        "narHash": "sha256-lJXQsUsKhlkZ4SH1ovKr39A6YCOnwchqPZeRXBKytLo=",
        "owner": "dysthesis",
        "repo": "nixpressions",
        "rev": "82418c95524c5a77ba6578b037bf3ece31b4e8e6",
        "type": "github"
      },
      "original": {
        "owner": "dysthesis",
        "repo": "nixpressions",
        "type": "github"
      }
    },
    "root": {
      "inputs": {
        "nixpkgs": "nixpkgs",
        "nixpressions": "nixpressions",
        "treefmt-nix": "treefmt-nix"
      }
    },
    "treefmt": {
      "inputs": {
        "nixpkgs": [
          "nixpressions",
          "nixpkgs"
        ]
      },
      "locked": {
        "lastModified": 1744961264,
        "narHash": "sha256-aRmUh0AMwcbdjJHnytg1e5h5ECcaWtIFQa6d9gI85AI=",
        "owner": "numtide",
        "repo": "treefmt-nix",
        "rev": "8d404a69efe76146368885110f29a2ca3700bee6",
        "type": "github"
      },
      "original": {
        "owner": "numtide",
        "repo": "treefmt-nix",
        "type": "github"
      }
    },
    "treefmt-nix": {
      "inputs": {
        "nixpkgs": [
          "nixpkgs"
        ]
      },
      "locked": {
        "lastModified": 1773297127,
        "narHash": "sha256-6E/yhXP7Oy/NbXtf1ktzmU8SdVqJQ09HC/48ebEGBpk=",
        "owner": "numtide",
        "repo": "treefmt-nix",
        "rev": "71b125cd05fbfd78cab3e070b73544abe24c5016",
        "type": "github"
      },
      "original": {
        "owner": "numtide",
        "repo": "treefmt-nix",
        "type": "github"
      }
    }
  },
  "root": "root",
  "version": 7
}
